
Microsoft Visual Studio Solution File, Format Version 11.00
# Visual Studio 2010
Project("{FAE04EC0-301F-11D3-BF4B-00C04F79EFBC}") = "Abentu", "Assembly-CSharp.csproj", "{E4E9ADA4-D324-6106-64B2-36D801F3BBA6}"
EndProject
Project("{FAE04EC0-301F-11D3-BF4B-00C04F79EFBC}") = "Abentu", "Assembly-CSharp-Editor.csproj", "{14183CC8-D8FD-2D6A-CA58-D0F156A7A16A}"
EndProject
Global
	GlobalSection(SolutionConfigurationPlatforms) = preSolution
		Debug|Any CPU = Debug|Any CPU
		Release|Any CPU = Release|Any CPU
	EndGlobalSection
	GlobalSection(ProjectConfigurationPlatforms) = postSolution
		{E4E9ADA4-D324-6106-64B2-36D801F3BBA6}.Debug|Any CPU.ActiveCfg = Debug|Any CPU
		{E4E9ADA4-D324-6106-64B2-36D801F3BBA6}.Debug|Any CPU.Build.0 = Debug|Any CPU
		{E4E9ADA4-D324-6106-64B2-36D801F3BBA6}.Release|Any CPU.ActiveCfg = Release|Any CPU
		{E4E9ADA4-D324-6106-64B2-36D801F3BBA6}.Release|Any CPU.Build.0 = Release|Any CPU
		{14183CC8-D8FD-2D6A-CA58-D0F156A7A16A}.Debug|Any CPU.ActiveCfg = Debug|Any CPU
		{14183CC8-D8FD-2D6A-CA58-D0F156A7A16A}.Debug|Any CPU.Build.0 = Debug|Any CPU
		{14183CC8-D8FD-2D6A-CA58-D0F156A7A16A}.Release|Any CPU.ActiveCfg = Release|Any CPU
		{14183CC8-D8FD-2D6A-CA58-D0F156A7A16A}.Release|Any CPU.Build.0 = Release|Any CPU
	EndGlobalSection
	GlobalSection(SolutionProperties) = preSolution
		HideSolutionNode = FALSE
	EndGlobalSection
	GlobalSection(MonoDevelopProperties) = preSolution
		StartupItem = Assembly-CSharp.csproj
	EndGlobalSection
EndGlobal
